
Microsoft Visual Studio Solution File, Format Version 12.00
# Visual Studio 15
VisualStudioVersion = 15.0.28307.421
MinimumVisualStudioVersion = 10.0.40219.1
Project("{FAE04EC0-301F-11D3-BF4B-00C04F79EFBC}") = "AccountOwnerServer", "AccountOwnerServer\AccountOwnerServer.csproj", "{1632D55C-9A81-4769-A2B5-A1CB23824232}"
EndProject
Global
	GlobalSection(SolutionConfigurationPlatforms) = preSolution
		Debug|Any CPU = Debug|Any CPU
		Release|Any CPU = Release|Any CPU
	EndGlobalSection
	GlobalSection(ProjectConfigurationPlatforms) = postSolution
		{1632D55C-9A81-4769-A2B5-A1CB23824232}.Debug|Any CPU.ActiveCfg = Debug|Any CPU
		{1632D55C-9A81-4769-A2B5-A1CB23824232}.Debug|Any CPU.Build.0 = Debug|Any CPU
		{1632D55C-9A81-4769-A2B5-A1CB23824232}.Release|Any CPU.ActiveCfg = Release|Any CPU
		{1632D55C-9A81-4769-A2B5-A1CB23824232}.Release|Any CPU.Build.0 = Release|Any CPU
	EndGlobalSection
	GlobalSection(SolutionProperties) = preSolution
		HideSolutionNode = FALSE
	EndGlobalSection
	GlobalSection(ExtensibilityGlobals) = postSolution
		SolutionGuid = {D8C1A328-3DDA-4522-BE15-F036F9173094}
	EndGlobalSection
EndGlobal
